
Microsoft Visual Studio Solution File, Format Version 12.00
# Visual Studio Version 17
VisualStudioVersion = 17.8.34525.116
MinimumVisualStudioVersion = 10.0.40219.1
Project("{9A19103F-16F7-4668-BE54-9A1E7A4F7556}") = "AngeliA Framework", "..\AngeliA Framework\AngeliA Framework.csproj", "{99E1C2E8-657E-4415-B2C9-C097A402B692}"
EndProject
Project("{9A19103F-16F7-4668-BE54-9A1E7A4F7556}") = "Game-AngeliA", "Game-AngeliA.csproj", "{985E5A7A-F69C-4A23-878C-0513B5A05EB1}"
EndProject
Project("{9A19103F-16F7-4668-BE54-9A1E7A4F7556}") = "AngeliA Raylib", "..\AngeliA Raylib\AngeliA Raylib.csproj", "{2852049B-C6C0-43ED-BDEA-5D1F132C40BB}"
EndProject
Project("{9A19103F-16F7-4668-BE54-9A1E7A4F7556}") = "AngeliA Entry", "..\AngeliA Entry\AngeliA Entry.csproj", "{55627B5F-2671-4D38-96E0-F3D339FFBFE6}"
EndProject
Global
	GlobalSection(SolutionConfigurationPlatforms) = preSolution
		Debug|Any CPU = Debug|Any CPU
		Release|Any CPU = Release|Any CPU
	EndGlobalSection
	GlobalSection(ProjectConfigurationPlatforms) = postSolution
		{99E1C2E8-657E-4415-B2C9-C097A402B692}.Debug|Any CPU.ActiveCfg = Debug|Any CPU
		{99E1C2E8-657E-4415-B2C9-C097A402B692}.Debug|Any CPU.Build.0 = Debug|Any CPU
		{99E1C2E8-657E-4415-B2C9-C097A402B692}.Release|Any CPU.ActiveCfg = Release|Any CPU
		{99E1C2E8-657E-4415-B2C9-C097A402B692}.Release|Any CPU.Build.0 = Release|Any CPU
		{985E5A7A-F69C-4A23-878C-0513B5A05EB1}.Debug|Any CPU.ActiveCfg = Debug|Any CPU
		{985E5A7A-F69C-4A23-878C-0513B5A05EB1}.Debug|Any CPU.Build.0 = Debug|Any CPU
		{985E5A7A-F69C-4A23-878C-0513B5A05EB1}.Release|Any CPU.ActiveCfg = Release|Any CPU
		{985E5A7A-F69C-4A23-878C-0513B5A05EB1}.Release|Any CPU.Build.0 = Release|Any CPU
		{2852049B-C6C0-43ED-BDEA-5D1F132C40BB}.Debug|Any CPU.ActiveCfg = Debug|Any CPU
		{2852049B-C6C0-43ED-BDEA-5D1F132C40BB}.Debug|Any CPU.Build.0 = Debug|Any CPU
		{2852049B-C6C0-43ED-BDEA-5D1F132C40BB}.Release|Any CPU.ActiveCfg = Release|Any CPU
		{2852049B-C6C0-43ED-BDEA-5D1F132C40BB}.Release|Any CPU.Build.0 = Release|Any CPU
		{55627B5F-2671-4D38-96E0-F3D339FFBFE6}.Debug|Any CPU.ActiveCfg = Debug|Any CPU
		{55627B5F-2671-4D38-96E0-F3D339FFBFE6}.Debug|Any CPU.Build.0 = Debug|Any CPU
		{55627B5F-2671-4D38-96E0-F3D339FFBFE6}.Release|Any CPU.ActiveCfg = Release|Any CPU
		{55627B5F-2671-4D38-96E0-F3D339FFBFE6}.Release|Any CPU.Build.0 = Release|Any CPU
	EndGlobalSection
	GlobalSection(SolutionProperties) = preSolution
		HideSolutionNode = FALSE
	EndGlobalSection
	GlobalSection(ExtensibilityGlobals) = postSolution
		SolutionGuid = {E6BB8E49-FA1F-4659-AACD-CBAB863E980F}
	EndGlobalSection
EndGlobal
