
Microsoft Visual Studio Solution File, Format Version 12.00
# Visual Studio Version 17
VisualStudioVersion = 17.8.34525.116
MinimumVisualStudioVersion = 10.0.40219.1
Project("{9A19103F-16F7-4668-BE54-9A1E7A4F7556}") = "Engine-AngeliA", "Engine-AngeliA.csproj", "{5076C53B-EC93-4B6D-91E1-FE77DDEF71D1}"
EndProject
Project("{9A19103F-16F7-4668-BE54-9A1E7A4F7556}") = "AngeliA Framework", "..\AngeliA Framework\AngeliA Framework.csproj", "{99E1C2E8-657E-4415-B2C9-C097A402B692}"
EndProject
Project("{9A19103F-16F7-4668-BE54-9A1E7A4F7556}") = "AngeliA Raylib", "..\AngeliA Raylib\AngeliA Raylib.csproj", "{9DD0254E-A157-448C-9DC5-EA49AB23F0F1}"
EndProject
Project("{9A19103F-16F7-4668-BE54-9A1E7A4F7556}") = "AngeliA Entry", "..\AngeliA Entry\AngeliA Entry.csproj", "{FEE1B07D-5E34-4003-B4DB-B9A3B4CF87C9}"
EndProject
Global
	GlobalSection(SolutionConfigurationPlatforms) = preSolution
		Debug|Any CPU = Debug|Any CPU
		Release|Any CPU = Release|Any CPU
	EndGlobalSection
	GlobalSection(ProjectConfigurationPlatforms) = postSolution
		{5076C53B-EC93-4B6D-91E1-FE77DDEF71D1}.Debug|Any CPU.ActiveCfg = Debug|Any CPU
		{5076C53B-EC93-4B6D-91E1-FE77DDEF71D1}.Debug|Any CPU.Build.0 = Debug|Any CPU
		{5076C53B-EC93-4B6D-91E1-FE77DDEF71D1}.Release|Any CPU.ActiveCfg = Release|Any CPU
		{5076C53B-EC93-4B6D-91E1-FE77DDEF71D1}.Release|Any CPU.Build.0 = Release|Any CPU
		{99E1C2E8-657E-4415-B2C9-C097A402B692}.Debug|Any CPU.ActiveCfg = Debug|Any CPU
		{99E1C2E8-657E-4415-B2C9-C097A402B692}.Debug|Any CPU.Build.0 = Debug|Any CPU
		{99E1C2E8-657E-4415-B2C9-C097A402B692}.Release|Any CPU.ActiveCfg = Release|Any CPU
		{99E1C2E8-657E-4415-B2C9-C097A402B692}.Release|Any CPU.Build.0 = Release|Any CPU
		{9DD0254E-A157-448C-9DC5-EA49AB23F0F1}.Debug|Any CPU.ActiveCfg = Debug|Any CPU
		{9DD0254E-A157-448C-9DC5-EA49AB23F0F1}.Debug|Any CPU.Build.0 = Debug|Any CPU
		{9DD0254E-A157-448C-9DC5-EA49AB23F0F1}.Release|Any CPU.ActiveCfg = Release|Any CPU
		{9DD0254E-A157-448C-9DC5-EA49AB23F0F1}.Release|Any CPU.Build.0 = Release|Any CPU
		{FEE1B07D-5E34-4003-B4DB-B9A3B4CF87C9}.Debug|Any CPU.ActiveCfg = Debug|Any CPU
		{FEE1B07D-5E34-4003-B4DB-B9A3B4CF87C9}.Debug|Any CPU.Build.0 = Debug|Any CPU
		{FEE1B07D-5E34-4003-B4DB-B9A3B4CF87C9}.Release|Any CPU.ActiveCfg = Release|Any CPU
		{FEE1B07D-5E34-4003-B4DB-B9A3B4CF87C9}.Release|Any CPU.Build.0 = Release|Any CPU
	EndGlobalSection
	GlobalSection(SolutionProperties) = preSolution
		HideSolutionNode = FALSE
	EndGlobalSection
	GlobalSection(ExtensibilityGlobals) = postSolution
		SolutionGuid = {E6BB8E49-FA1F-4659-AACD-CBAB863E980F}
	EndGlobalSection
EndGlobal
