
Microsoft Visual Studio Solution File, Format Version 12.00
# Visual Studio Version 17
VisualStudioVersion = 17.8.34525.116
MinimumVisualStudioVersion = 10.0.40219.1
Project("{9A19103F-16F7-4668-BE54-9A1E7A4F7556}") = "AngeliA Game", "AngeliA Game.csproj", "{F8AE1B2A-B69E-40B4-A719-86DF86683CAF}"
EndProject
Project("{9A19103F-16F7-4668-BE54-9A1E7A4F7556}") = "AngeliA for Raylib", "..\AngeliA for Raylib\AngeliA for Raylib.csproj", "{00F7650B-5CD3-42C5-8C01-00DDD3D7A6DA}"
EndProject
Project("{9A19103F-16F7-4668-BE54-9A1E7A4F7556}") = "AngeliA Framework", "..\AngeliA Framework\AngeliA Framework.csproj", "{4A2BBBCB-B3DB-467C-A263-79585B43E082}"
EndProject
Project("{FAE04EC0-301F-11D3-BF4B-00C04F79EFBC}") = "AngeliA Core", "..\AngeliA Core\AngeliA Core.csproj", "{08B26E6F-4C30-411A-865A-1D8863DA98C4}"
EndProject
Global
	GlobalSection(SolutionConfigurationPlatforms) = preSolution
		Debug|Any CPU = Debug|Any CPU
		Release|Any CPU = Release|Any CPU
	EndGlobalSection
	GlobalSection(ProjectConfigurationPlatforms) = postSolution
		{F8AE1B2A-B69E-40B4-A719-86DF86683CAF}.Debug|Any CPU.ActiveCfg = Debug|Any CPU
		{F8AE1B2A-B69E-40B4-A719-86DF86683CAF}.Debug|Any CPU.Build.0 = Debug|Any CPU
		{F8AE1B2A-B69E-40B4-A719-86DF86683CAF}.Release|Any CPU.ActiveCfg = Release|Any CPU
		{F8AE1B2A-B69E-40B4-A719-86DF86683CAF}.Release|Any CPU.Build.0 = Release|Any CPU
		{00F7650B-5CD3-42C5-8C01-00DDD3D7A6DA}.Debug|Any CPU.ActiveCfg = Debug|Any CPU
		{00F7650B-5CD3-42C5-8C01-00DDD3D7A6DA}.Debug|Any CPU.Build.0 = Debug|Any CPU
		{00F7650B-5CD3-42C5-8C01-00DDD3D7A6DA}.Release|Any CPU.ActiveCfg = Release|Any CPU
		{00F7650B-5CD3-42C5-8C01-00DDD3D7A6DA}.Release|Any CPU.Build.0 = Release|Any CPU
		{4A2BBBCB-B3DB-467C-A263-79585B43E082}.Debug|Any CPU.ActiveCfg = Debug|Any CPU
		{4A2BBBCB-B3DB-467C-A263-79585B43E082}.Debug|Any CPU.Build.0 = Debug|Any CPU
		{4A2BBBCB-B3DB-467C-A263-79585B43E082}.Release|Any CPU.ActiveCfg = Release|Any CPU
		{4A2BBBCB-B3DB-467C-A263-79585B43E082}.Release|Any CPU.Build.0 = Release|Any CPU
		{08B26E6F-4C30-411A-865A-1D8863DA98C4}.Debug|Any CPU.ActiveCfg = Debug|Any CPU
		{08B26E6F-4C30-411A-865A-1D8863DA98C4}.Debug|Any CPU.Build.0 = Debug|Any CPU
		{08B26E6F-4C30-411A-865A-1D8863DA98C4}.Release|Any CPU.ActiveCfg = Release|Any CPU
		{08B26E6F-4C30-411A-865A-1D8863DA98C4}.Release|Any CPU.Build.0 = Release|Any CPU
	EndGlobalSection
	GlobalSection(SolutionProperties) = preSolution
		HideSolutionNode = FALSE
	EndGlobalSection
	GlobalSection(ExtensibilityGlobals) = postSolution
		SolutionGuid = {298AB093-9457-47F0-B25D-FD7F7CA8F659}
	EndGlobalSection
EndGlobal
