
Microsoft Visual Studio Solution File, Format Version 12.00
# Visual Studio Version 17
VisualStudioVersion = 17.8.34525.116
MinimumVisualStudioVersion = 10.0.40219.1
Project("{9A19103F-16F7-4668-BE54-9A1E7A4F7556}") = "Editor-AngeliA", "Editor-AngeliA.csproj", "{5076C53B-EC93-4B6D-91E1-FE77DDEF71D1}"
EndProject
Project("{9A19103F-16F7-4668-BE54-9A1E7A4F7556}") = "AngeliA Framework", "..\AngeliA Framework\AngeliA Framework.csproj", "{99E1C2E8-657E-4415-B2C9-C097A402B692}"
EndProject
Project("{9A19103F-16F7-4668-BE54-9A1E7A4F7556}") = "AngeliA to Raylib", "..\AngeliA to Raylib\AngeliA to Raylib.csproj", "{4910BAFD-8AA4-47AA-B969-682426E8C9D6}"
EndProject
Global
	GlobalSection(SolutionConfigurationPlatforms) = preSolution
		Debug|Any CPU = Debug|Any CPU
		Release|Any CPU = Release|Any CPU
	EndGlobalSection
	GlobalSection(ProjectConfigurationPlatforms) = postSolution
		{5076C53B-EC93-4B6D-91E1-FE77DDEF71D1}.Debug|Any CPU.ActiveCfg = Debug|Any CPU
		{5076C53B-EC93-4B6D-91E1-FE77DDEF71D1}.Debug|Any CPU.Build.0 = Debug|Any CPU
		{5076C53B-EC93-4B6D-91E1-FE77DDEF71D1}.Release|Any CPU.ActiveCfg = Release|Any CPU
		{5076C53B-EC93-4B6D-91E1-FE77DDEF71D1}.Release|Any CPU.Build.0 = Release|Any CPU
		{99E1C2E8-657E-4415-B2C9-C097A402B692}.Debug|Any CPU.ActiveCfg = Debug|Any CPU
		{99E1C2E8-657E-4415-B2C9-C097A402B692}.Debug|Any CPU.Build.0 = Debug|Any CPU
		{99E1C2E8-657E-4415-B2C9-C097A402B692}.Release|Any CPU.ActiveCfg = Release|Any CPU
		{99E1C2E8-657E-4415-B2C9-C097A402B692}.Release|Any CPU.Build.0 = Release|Any CPU
		{4910BAFD-8AA4-47AA-B969-682426E8C9D6}.Debug|Any CPU.ActiveCfg = Debug|Any CPU
		{4910BAFD-8AA4-47AA-B969-682426E8C9D6}.Debug|Any CPU.Build.0 = Debug|Any CPU
		{4910BAFD-8AA4-47AA-B969-682426E8C9D6}.Release|Any CPU.ActiveCfg = Release|Any CPU
		{4910BAFD-8AA4-47AA-B969-682426E8C9D6}.Release|Any CPU.Build.0 = Release|Any CPU
	EndGlobalSection
	GlobalSection(SolutionProperties) = preSolution
		HideSolutionNode = FALSE
	EndGlobalSection
	GlobalSection(ExtensibilityGlobals) = postSolution
		SolutionGuid = {E6BB8E49-FA1F-4659-AACD-CBAB863E980F}
	EndGlobalSection
EndGlobal
